
Microsoft Visual Studio Solution File, Format Version 12.00
# Visual Studio 15
VisualStudioVersion = 15.0.28307.705
MinimumVisualStudioVersion = 10.0.40219.1
Project("{2150E333-8FDC-42A3-9474-1A3956D46DE8}") = "Web", "Web", "{2D5221CF-995D-4021-AD3A-179C02270F28}"
EndProject
Project("{9A19103F-16F7-4668-BE54-9A1E7A4F7556}") = "CoreSolution.Shop.Api", "CoreSolution.Shop.Api\CoreSolution.Shop.Api.csproj", "{107ADAE8-E001-466C-941C-BC4201D71AA2}"
EndProject
Project("{2150E333-8FDC-42A3-9474-1A3956D46DE8}") = "Application", "Application", "{D1FED2FA-01D1-4FD4-A4E7-7B8256C75505}"
EndProject
Project("{2150E333-8FDC-42A3-9474-1A3956D46DE8}") = "Cache", "Cache", "{53642B3B-FC01-41B9-80E7-07053A7F3F55}"
EndProject
Project("{2150E333-8FDC-42A3-9474-1A3956D46DE8}") = "Data", "Data", "{0338BDB1-F19C-4F37-B31F-2DD068D22486}"
EndProject
Project("{2150E333-8FDC-42A3-9474-1A3956D46DE8}") = "Core", "Core", "{B283C802-5F46-4B73-8690-2262505C54BC}"
EndProject
Project("{2150E333-8FDC-42A3-9474-1A3956D46DE8}") = "Infrastructure", "Infrastructure", "{CC45B039-3726-4018-8913-C1DEAB787D29}"
EndProject
Project("{2150E333-8FDC-42A3-9474-1A3956D46DE8}") = "Extras", "Extras", "{66BA06A6-0724-4D06-B0E0-6961EF42168C}"
EndProject
Project("{9A19103F-16F7-4668-BE54-9A1E7A4F7556}") = "CoreSolution.UEditor.Core", "CoreSolution.UEditor.Core\CoreSolution.UEditor.Core.csproj", "{F4F6AA6A-7648-43CE-B3E3-7B1388D8A8CC}"
EndProject
Project("{9A19103F-16F7-4668-BE54-9A1E7A4F7556}") = "CoreSolution.MongoDB", "CoreSolution.MongoDB\CoreSolution.MongoDB.csproj", "{F3E0D45D-2186-4862-80F6-35AE790BAE18}"
EndProject
Project("{9A19103F-16F7-4668-BE54-9A1E7A4F7556}") = "CoreSolution.RabbitMQ", "CoreSolution.RabbitMQ\CoreSolution.RabbitMQ.csproj", "{CF5CFF51-50CE-4312-A223-D89C7624966C}"
EndProject
Project("{9A19103F-16F7-4668-BE54-9A1E7A4F7556}") = "CoreSolution.Tools", "CoreSolution.Tools\CoreSolution.Tools.csproj", "{D9908FF5-2BC5-4A69-AD56-4D52FEB98250}"
EndProject
Project("{9A19103F-16F7-4668-BE54-9A1E7A4F7556}") = "CoreSolution.Redis", "CoreSolution.Redis\CoreSolution.Redis.csproj", "{C2267CD6-C760-4990-B970-4E303DCE26B9}"
EndProject
Project("{2150E333-8FDC-42A3-9474-1A3956D46DE8}") = "Dapper", "Dapper", "{87B130FF-58FD-42FA-BFAE-50001B3B2598}"
EndProject
Project("{9A19103F-16F7-4668-BE54-9A1E7A4F7556}") = "CoreSolution.Dapper.Extension", "CoreSolution.Dapper.Extension\CoreSolution.Dapper.Extension.csproj", "{7BFB1EE1-E424-4DC5-AE18-7A59D2B611B2}"
EndProject
Project("{9A19103F-16F7-4668-BE54-9A1E7A4F7556}") = "CoreSolution.Dapper.Extension.MsSql", "CoreSolution.Dapper.Extension.MsSql\CoreSolution.Dapper.Extension.MsSql.csproj", "{79FD28FE-EB57-4D27-8F3F-615C34E8C385}"
EndProject
Project("{9A19103F-16F7-4668-BE54-9A1E7A4F7556}") = "CoreSolution.Domain", "CoreSolution.Domain\CoreSolution.Domain.csproj", "{6862800A-21D2-4B93-B5FD-06B6468D7977}"
EndProject
Project("{9A19103F-16F7-4668-BE54-9A1E7A4F7556}") = "CoreSolution.Dto", "CoreSolution.Dto\CoreSolution.Dto.csproj", "{9C25D33C-C79E-403A-8EF5-AF30B757C57C}"
EndProject
Project("{9A19103F-16F7-4668-BE54-9A1E7A4F7556}") = "CoreSolution.IService", "CoreSolution.IService\CoreSolution.IService.csproj", "{DF8618A8-4D2D-4264-88E7-5B9F160171CE}"
EndProject
Project("{9A19103F-16F7-4668-BE54-9A1E7A4F7556}") = "CoreSolution.Service", "CoreSolutio.Service\CoreSolution.Service.csproj", "{964B8EB1-F370-40D8-A6D4-EDFFDC5D758E}"
EndProject
Project("{9A19103F-16F7-4668-BE54-9A1E7A4F7556}") = "DapperCoreRepositoryBase", "DapperCoreRepositoryBase\DapperCoreRepositoryBase.csproj", "{52B9AA77-32F4-4005-8F2B-5B6BBC0A2476}"
EndProject
Project("{9A19103F-16F7-4668-BE54-9A1E7A4F7556}") = "CoreSolution.AutoMapper", "CoreSolution.AutoMapper\CoreSolution.AutoMapper.csproj", "{219E7A6D-12DD-4DD4-A012-F88DDED8DC4E}"
EndProject
Project("{2150E333-8FDC-42A3-9474-1A3956D46DE8}") = "EFCore", "EFCore", "{F0B98514-CE3B-47AC-A042-FAD900A3FF1A}"
EndProject
Project("{FAE04EC0-301F-11D3-BF4B-00C04F79EFBC}") = "CoreSolution.EntityFrameworkCore", "CoreSolution.EntityFrameworkCore\CoreSolution.EntityFrameworkCore.csproj", "{0D9DCAFC-F559-4663-845E-C15E0C7941D2}"
EndProject
Global
	GlobalSection(SolutionConfigurationPlatforms) = preSolution
		Debug|Any CPU = Debug|Any CPU
		Release|Any CPU = Release|Any CPU
	EndGlobalSection
	GlobalSection(ProjectConfigurationPlatforms) = postSolution
		{107ADAE8-E001-466C-941C-BC4201D71AA2}.Debug|Any CPU.ActiveCfg = Debug|Any CPU
		{107ADAE8-E001-466C-941C-BC4201D71AA2}.Debug|Any CPU.Build.0 = Debug|Any CPU
		{107ADAE8-E001-466C-941C-BC4201D71AA2}.Release|Any CPU.ActiveCfg = Release|Any CPU
		{107ADAE8-E001-466C-941C-BC4201D71AA2}.Release|Any CPU.Build.0 = Release|Any CPU
		{F4F6AA6A-7648-43CE-B3E3-7B1388D8A8CC}.Debug|Any CPU.ActiveCfg = Debug|Any CPU
		{F4F6AA6A-7648-43CE-B3E3-7B1388D8A8CC}.Debug|Any CPU.Build.0 = Debug|Any CPU
		{F4F6AA6A-7648-43CE-B3E3-7B1388D8A8CC}.Release|Any CPU.ActiveCfg = Release|Any CPU
		{F4F6AA6A-7648-43CE-B3E3-7B1388D8A8CC}.Release|Any CPU.Build.0 = Release|Any CPU
		{F3E0D45D-2186-4862-80F6-35AE790BAE18}.Debug|Any CPU.ActiveCfg = Debug|Any CPU
		{F3E0D45D-2186-4862-80F6-35AE790BAE18}.Debug|Any CPU.Build.0 = Debug|Any CPU
		{F3E0D45D-2186-4862-80F6-35AE790BAE18}.Release|Any CPU.ActiveCfg = Release|Any CPU
		{F3E0D45D-2186-4862-80F6-35AE790BAE18}.Release|Any CPU.Build.0 = Release|Any CPU
		{CF5CFF51-50CE-4312-A223-D89C7624966C}.Debug|Any CPU.ActiveCfg = Debug|Any CPU
		{CF5CFF51-50CE-4312-A223-D89C7624966C}.Debug|Any CPU.Build.0 = Debug|Any CPU
		{CF5CFF51-50CE-4312-A223-D89C7624966C}.Release|Any CPU.ActiveCfg = Release|Any CPU
		{CF5CFF51-50CE-4312-A223-D89C7624966C}.Release|Any CPU.Build.0 = Release|Any CPU
		{D9908FF5-2BC5-4A69-AD56-4D52FEB98250}.Debug|Any CPU.ActiveCfg = Debug|Any CPU
		{D9908FF5-2BC5-4A69-AD56-4D52FEB98250}.Debug|Any CPU.Build.0 = Debug|Any CPU
		{D9908FF5-2BC5-4A69-AD56-4D52FEB98250}.Release|Any CPU.ActiveCfg = Release|Any CPU
		{D9908FF5-2BC5-4A69-AD56-4D52FEB98250}.Release|Any CPU.Build.0 = Release|Any CPU
		{C2267CD6-C760-4990-B970-4E303DCE26B9}.Debug|Any CPU.ActiveCfg = Debug|Any CPU
		{C2267CD6-C760-4990-B970-4E303DCE26B9}.Debug|Any CPU.Build.0 = Debug|Any CPU
		{C2267CD6-C760-4990-B970-4E303DCE26B9}.Release|Any CPU.ActiveCfg = Release|Any CPU
		{C2267CD6-C760-4990-B970-4E303DCE26B9}.Release|Any CPU.Build.0 = Release|Any CPU
		{7BFB1EE1-E424-4DC5-AE18-7A59D2B611B2}.Debug|Any CPU.ActiveCfg = Debug|Any CPU
		{7BFB1EE1-E424-4DC5-AE18-7A59D2B611B2}.Debug|Any CPU.Build.0 = Debug|Any CPU
		{7BFB1EE1-E424-4DC5-AE18-7A59D2B611B2}.Release|Any CPU.ActiveCfg = Release|Any CPU
		{7BFB1EE1-E424-4DC5-AE18-7A59D2B611B2}.Release|Any CPU.Build.0 = Release|Any CPU
		{79FD28FE-EB57-4D27-8F3F-615C34E8C385}.Debug|Any CPU.ActiveCfg = Debug|Any CPU
		{79FD28FE-EB57-4D27-8F3F-615C34E8C385}.Debug|Any CPU.Build.0 = Debug|Any CPU
		{79FD28FE-EB57-4D27-8F3F-615C34E8C385}.Release|Any CPU.ActiveCfg = Release|Any CPU
		{79FD28FE-EB57-4D27-8F3F-615C34E8C385}.Release|Any CPU.Build.0 = Release|Any CPU
		{6862800A-21D2-4B93-B5FD-06B6468D7977}.Debug|Any CPU.ActiveCfg = Debug|Any CPU
		{6862800A-21D2-4B93-B5FD-06B6468D7977}.Debug|Any CPU.Build.0 = Debug|Any CPU
		{6862800A-21D2-4B93-B5FD-06B6468D7977}.Release|Any CPU.ActiveCfg = Release|Any CPU
		{6862800A-21D2-4B93-B5FD-06B6468D7977}.Release|Any CPU.Build.0 = Release|Any CPU
		{9C25D33C-C79E-403A-8EF5-AF30B757C57C}.Debug|Any CPU.ActiveCfg = Debug|Any CPU
		{9C25D33C-C79E-403A-8EF5-AF30B757C57C}.Debug|Any CPU.Build.0 = Debug|Any CPU
		{9C25D33C-C79E-403A-8EF5-AF30B757C57C}.Release|Any CPU.ActiveCfg = Release|Any CPU
		{9C25D33C-C79E-403A-8EF5-AF30B757C57C}.Release|Any CPU.Build.0 = Release|Any CPU
		{DF8618A8-4D2D-4264-88E7-5B9F160171CE}.Debug|Any CPU.ActiveCfg = Debug|Any CPU
		{DF8618A8-4D2D-4264-88E7-5B9F160171CE}.Debug|Any CPU.Build.0 = Debug|Any CPU
		{DF8618A8-4D2D-4264-88E7-5B9F160171CE}.Release|Any CPU.ActiveCfg = Release|Any CPU
		{DF8618A8-4D2D-4264-88E7-5B9F160171CE}.Release|Any CPU.Build.0 = Release|Any CPU
		{964B8EB1-F370-40D8-A6D4-EDFFDC5D758E}.Debug|Any CPU.ActiveCfg = Debug|Any CPU
		{964B8EB1-F370-40D8-A6D4-EDFFDC5D758E}.Debug|Any CPU.Build.0 = Debug|Any CPU
		{964B8EB1-F370-40D8-A6D4-EDFFDC5D758E}.Release|Any CPU.ActiveCfg = Release|Any CPU
		{964B8EB1-F370-40D8-A6D4-EDFFDC5D758E}.Release|Any CPU.Build.0 = Release|Any CPU
		{52B9AA77-32F4-4005-8F2B-5B6BBC0A2476}.Debug|Any CPU.ActiveCfg = Debug|Any CPU
		{52B9AA77-32F4-4005-8F2B-5B6BBC0A2476}.Debug|Any CPU.Build.0 = Debug|Any CPU
		{52B9AA77-32F4-4005-8F2B-5B6BBC0A2476}.Release|Any CPU.ActiveCfg = Release|Any CPU
		{52B9AA77-32F4-4005-8F2B-5B6BBC0A2476}.Release|Any CPU.Build.0 = Release|Any CPU
		{219E7A6D-12DD-4DD4-A012-F88DDED8DC4E}.Debug|Any CPU.ActiveCfg = Debug|Any CPU
		{219E7A6D-12DD-4DD4-A012-F88DDED8DC4E}.Debug|Any CPU.Build.0 = Debug|Any CPU
		{219E7A6D-12DD-4DD4-A012-F88DDED8DC4E}.Release|Any CPU.ActiveCfg = Release|Any CPU
		{219E7A6D-12DD-4DD4-A012-F88DDED8DC4E}.Release|Any CPU.Build.0 = Release|Any CPU
		{0D9DCAFC-F559-4663-845E-C15E0C7941D2}.Debug|Any CPU.ActiveCfg = Debug|Any CPU
		{0D9DCAFC-F559-4663-845E-C15E0C7941D2}.Debug|Any CPU.Build.0 = Debug|Any CPU
		{0D9DCAFC-F559-4663-845E-C15E0C7941D2}.Release|Any CPU.ActiveCfg = Release|Any CPU
		{0D9DCAFC-F559-4663-845E-C15E0C7941D2}.Release|Any CPU.Build.0 = Release|Any CPU
	EndGlobalSection
	GlobalSection(SolutionProperties) = preSolution
		HideSolutionNode = FALSE
	EndGlobalSection
	GlobalSection(NestedProjects) = preSolution
		{107ADAE8-E001-466C-941C-BC4201D71AA2} = {2D5221CF-995D-4021-AD3A-179C02270F28}
		{F4F6AA6A-7648-43CE-B3E3-7B1388D8A8CC} = {66BA06A6-0724-4D06-B0E0-6961EF42168C}
		{F3E0D45D-2186-4862-80F6-35AE790BAE18} = {66BA06A6-0724-4D06-B0E0-6961EF42168C}
		{CF5CFF51-50CE-4312-A223-D89C7624966C} = {66BA06A6-0724-4D06-B0E0-6961EF42168C}
		{D9908FF5-2BC5-4A69-AD56-4D52FEB98250} = {CC45B039-3726-4018-8913-C1DEAB787D29}
		{C2267CD6-C760-4990-B970-4E303DCE26B9} = {53642B3B-FC01-41B9-80E7-07053A7F3F55}
		{87B130FF-58FD-42FA-BFAE-50001B3B2598} = {0338BDB1-F19C-4F37-B31F-2DD068D22486}
		{7BFB1EE1-E424-4DC5-AE18-7A59D2B611B2} = {87B130FF-58FD-42FA-BFAE-50001B3B2598}
		{79FD28FE-EB57-4D27-8F3F-615C34E8C385} = {87B130FF-58FD-42FA-BFAE-50001B3B2598}
		{6862800A-21D2-4B93-B5FD-06B6468D7977} = {B283C802-5F46-4B73-8690-2262505C54BC}
		{9C25D33C-C79E-403A-8EF5-AF30B757C57C} = {D1FED2FA-01D1-4FD4-A4E7-7B8256C75505}
		{DF8618A8-4D2D-4264-88E7-5B9F160171CE} = {D1FED2FA-01D1-4FD4-A4E7-7B8256C75505}
		{964B8EB1-F370-40D8-A6D4-EDFFDC5D758E} = {D1FED2FA-01D1-4FD4-A4E7-7B8256C75505}
		{52B9AA77-32F4-4005-8F2B-5B6BBC0A2476} = {87B130FF-58FD-42FA-BFAE-50001B3B2598}
		{219E7A6D-12DD-4DD4-A012-F88DDED8DC4E} = {CC45B039-3726-4018-8913-C1DEAB787D29}
		{F0B98514-CE3B-47AC-A042-FAD900A3FF1A} = {0338BDB1-F19C-4F37-B31F-2DD068D22486}
		{0D9DCAFC-F559-4663-845E-C15E0C7941D2} = {F0B98514-CE3B-47AC-A042-FAD900A3FF1A}
	EndGlobalSection
	GlobalSection(ExtensibilityGlobals) = postSolution
		SolutionGuid = {F5831E87-E3F5-43CA-A360-137E6A5DBBFA}
	EndGlobalSection
EndGlobal
